
Microsoft Visual Studio Solution File, Format Version 12.00
# Visual Studio Version 17
VisualStudioVersion = 17.0.31717.71
MinimumVisualStudioVersion = 10.0.40219.1
Project("{FAE04EC0-301F-11D3-BF4B-00C04F79EFBC}") = "Oef1", "Oef1.csproj", "{7A5A6324-A97A-4639-9726-7401EAE28691}"
EndProject
Project("{FAE04EC0-301F-11D3-BF4B-00C04F79EFBC}") = "AandelenBeheerData", "AandelenBeheerData\AandelenBeheerData.csproj", "{AE0890DF-B03C-4DFE-B3FE-A617BF63EF25}"
EndProject
Global
	GlobalSection(SolutionConfigurationPlatforms) = preSolution
		Debug|Any CPU = Debug|Any CPU
		Release|Any CPU = Release|Any CPU
	EndGlobalSection
	GlobalSection(ProjectConfigurationPlatforms) = postSolution
		{7A5A6324-A97A-4639-9726-7401EAE28691}.Debug|Any CPU.ActiveCfg = Debug|Any CPU
		{7A5A6324-A97A-4639-9726-7401EAE28691}.Debug|Any CPU.Build.0 = Debug|Any CPU
		{7A5A6324-A97A-4639-9726-7401EAE28691}.Release|Any CPU.ActiveCfg = Release|Any CPU
		{7A5A6324-A97A-4639-9726-7401EAE28691}.Release|Any CPU.Build.0 = Release|Any CPU
		{AE0890DF-B03C-4DFE-B3FE-A617BF63EF25}.Debug|Any CPU.ActiveCfg = Debug|Any CPU
		{AE0890DF-B03C-4DFE-B3FE-A617BF63EF25}.Debug|Any CPU.Build.0 = Debug|Any CPU
		{AE0890DF-B03C-4DFE-B3FE-A617BF63EF25}.Release|Any CPU.ActiveCfg = Release|Any CPU
		{AE0890DF-B03C-4DFE-B3FE-A617BF63EF25}.Release|Any CPU.Build.0 = Release|Any CPU
	EndGlobalSection
	GlobalSection(SolutionProperties) = preSolution
		HideSolutionNode = FALSE
	EndGlobalSection
	GlobalSection(ExtensibilityGlobals) = postSolution
		SolutionGuid = {4AA36951-9DD9-4C16-9C86-0DD457B8E4F8}
	EndGlobalSection
EndGlobal
